
Microsoft Visual Studio Solution File, Format Version 12.00
# Visual Studio Version 16
VisualStudioVersion = 16.0.30717.126
MinimumVisualStudioVersion = 10.0.40219.1
Project("{FAE04EC0-301F-11D3-BF4B-00C04F79EFBC}") = "BankOO", "BankOO\BankOO.csproj", "{BE70C6D3-B7C9-4974-B924-280D6F381828}"
EndProject
Project("{FAE04EC0-301F-11D3-BF4B-00C04F79EFBC}") = "BankOO.UnitTest", "BankOO.UnitTest\BankOO.UnitTest.csproj", "{9C9F235A-2455-4F51-A1AB-26506F0D02E7}"
EndProject
Global
	GlobalSection(SolutionConfigurationPlatforms) = preSolution
		Debug|Any CPU = Debug|Any CPU
		Release|Any CPU = Release|Any CPU
	EndGlobalSection
	GlobalSection(ProjectConfigurationPlatforms) = postSolution
		{BE70C6D3-B7C9-4974-B924-280D6F381828}.Debug|Any CPU.ActiveCfg = Debug|Any CPU
		{BE70C6D3-B7C9-4974-B924-280D6F381828}.Debug|Any CPU.Build.0 = Debug|Any CPU
		{BE70C6D3-B7C9-4974-B924-280D6F381828}.Release|Any CPU.ActiveCfg = Release|Any CPU
		{BE70C6D3-B7C9-4974-B924-280D6F381828}.Release|Any CPU.Build.0 = Release|Any CPU
		{9C9F235A-2455-4F51-A1AB-26506F0D02E7}.Debug|Any CPU.ActiveCfg = Debug|Any CPU
		{9C9F235A-2455-4F51-A1AB-26506F0D02E7}.Debug|Any CPU.Build.0 = Debug|Any CPU
		{9C9F235A-2455-4F51-A1AB-26506F0D02E7}.Release|Any CPU.ActiveCfg = Release|Any CPU
		{9C9F235A-2455-4F51-A1AB-26506F0D02E7}.Release|Any CPU.Build.0 = Release|Any CPU
	EndGlobalSection
	GlobalSection(SolutionProperties) = preSolution
		HideSolutionNode = FALSE
	EndGlobalSection
	GlobalSection(ExtensibilityGlobals) = postSolution
		SolutionGuid = {8BEBA9FE-DFA7-4B53-A171-5479ADC03EE6}
	EndGlobalSection
EndGlobal
